<Solution>
  <Project Path="SL.MLineDataPrecisionTracking.Client/SL.MLineDataPrecisionTracking.Client.csproj" Id="63bae626-1915-4b19-acbd-bd8100c857ca" />
  <Project Path="SL.MLineDataPrecisionTracking.Core/SL.MLineDataPrecisionTracking.Core.csproj" Id="c6e4debd-0906-4151-8c22-478c0d5328ec" />
  <Project Path="SL.MLineDataPrecisionTracking.Infrastructure/SL.MLineDataPrecisionTracking.Infrastructure.csproj" Id="de4bbdb9-afdf-4418-be33-93c52cf53764" />
  <Project Path="SL.MLineDataPrecisionTracking.Models/SL.MLineDataPrecisionTracking.Models.csproj" Id="292117f3-5422-4c4f-86c6-12de0cf50bde" />
  <Project Path="SL.MLineDataPrecisionTracking.Service/SL.MLineDataPrecisionTracking.Service.csproj" Id="9d40bca8-8414-4a1f-989f-6db38fc3a1e0" />
  <Project Path="UnitTestProject/UnitTestProject.csproj" Id="1c96f4de-9c6b-463f-8432-f615868e7bb7" />
</Solution>
